
Microsoft Visual Studio Solution File, Format Version 12.00
# Visual Studio Version 17
VisualStudioVersion = 17.9.34902.65
MinimumVisualStudioVersion = 10.0.40219.1
Project("{FAE04EC0-301F-11D3-BF4B-00C04F79EFBC}") = "MellmothJdr", "MellmothJdr.csproj", "{8D7ED24C-AF81-4ADE-9CE7-F6939E298EB1}"
EndProject
Global
	GlobalSection(SolutionConfigurationPlatforms) = preSolution
		Debug|Any CPU = Debug|Any CPU
		Release|Any CPU = Release|Any CPU
	EndGlobalSection
	GlobalSection(ProjectConfigurationPlatforms) = postSolution
		{8D7ED24C-AF81-4ADE-9CE7-F6939E298EB1}.Debug|Any CPU.ActiveCfg = Debug|Any CPU
		{8D7ED24C-AF81-4ADE-9CE7-F6939E298EB1}.Debug|Any CPU.Build.0 = Debug|Any CPU
		{8D7ED24C-AF81-4ADE-9CE7-F6939E298EB1}.Release|Any CPU.ActiveCfg = Release|Any CPU
		{8D7ED24C-AF81-4ADE-9CE7-F6939E298EB1}.Release|Any CPU.Build.0 = Release|Any CPU
	EndGlobalSection
	GlobalSection(SolutionProperties) = preSolution
		HideSolutionNode = FALSE
	EndGlobalSection
	GlobalSection(ExtensibilityGlobals) = postSolution
		SolutionGuid = {C37C1AAF-15F3-45E7-8F10-2FB263ADCF18}
	EndGlobalSection
EndGlobal
